// !$*UTF8*$!
{
	archiveVersion = 1;
	classes = {
	};
	objectVersion = 46;
	objects = {

/* Begin PBXBuildFile section */
		090D47765DAE83DB75842F51 /* libPods-LJUserCenter.a in Frameworks */ = {isa = PBXBuildFile; fileRef = 06D6D1EFA37CBE9C0746D27C /* libPods-LJUserCenter.a */; };
		A759B4AF1DAA072C00DD7584 /* main.m in Sources */ = {isa = PBXBuildFile; fileRef = A759B4AE1DAA072C00DD7584 /* main.m */; };
		A759B4B21DAA072C00DD7584 /* AppDelegate.m in Sources */ = {isa = PBXBuildFile; fileRef = A759B4B11DAA072C00DD7584 /* AppDelegate.m */; };
		A759B4B81DAA072C00DD7584 /* Main.storyboard in Resources */ = {isa = PBXBuildFile; fileRef = A759B4B61DAA072C00DD7584 /* Main.storyboard */; };
		A759B4BA1DAA072C00DD7584 /* Assets.xcassets in Resources */ = {isa = PBXBuildFile; fileRef = A759B4B91DAA072C00DD7584 /* Assets.xcassets */; };
		A759B4BD1DAA072C00DD7584 /* LaunchScreen.storyboard in Resources */ = {isa = PBXBuildFile; fileRef = A759B4BB1DAA072C00DD7584 /* LaunchScreen.storyboard */; };
		A759B4C81DAA072C00DD7584 /* LJUserCenterTests.m in Sources */ = {isa = PBXBuildFile; fileRef = A759B4C71DAA072C00DD7584 /* LJUserCenterTests.m */; };
		A759B4D31DAA072C00DD7584 /* LJUserCenterUITests.m in Sources */ = {isa = PBXBuildFile; fileRef = A759B4D21DAA072C00DD7584 /* LJUserCenterUITests.m */; };
		A7897B811DAA1D37005C86BD /* LJUserCenterCellModel.m in Sources */ = {isa = PBXBuildFile; fileRef = A7897B801DAA1D37005C86BD /* LJUserCenterCellModel.m */; };
		A7897B841DAA1F7D005C86BD /* LJUserCenterTableViewCell.m in Sources */ = {isa = PBXBuildFile; fileRef = A7897B831DAA1F7D005C86BD /* LJUserCenterTableViewCell.m */; };
		A7897B871DAA2BBF005C86BD /* LJUserCenterRootViewController.m in Sources */ = {isa = PBXBuildFile; fileRef = A7897B861DAA2BBF005C86BD /* LJUserCenterRootViewController.m */; };
		A7897B8A1DAA2D0D005C86BD /* LJUserCenterViewController.m in Sources */ = {isa = PBXBuildFile; fileRef = A7897B891DAA2D0D005C86BD /* LJUserCenterViewController.m */; };
		A7897B8E1DAA30BB005C86BD /* ViewController.m in Sources */ = {isa = PBXBuildFile; fileRef = A7897B8D1DAA30BB005C86BD /* ViewController.m */; };
		A7897B971DAA360A005C86BD /* ViewController1.m in Sources */ = {isa = PBXBuildFile; fileRef = A7897B961DAA360A005C86BD /* ViewController1.m */; };
		A7897B9C1DAA37BC005C86BD /* profileLockOff@2x.png in Resources */ = {isa = PBXBuildFile; fileRef = A7897B981DAA37BC005C86BD /* profileLockOff@2x.png */; };
		A7897B9D1DAA37BC005C86BD /* profileLockOff@3x.png in Resources */ = {isa = PBXBuildFile; fileRef = A7897B991DAA37BC005C86BD /* profileLockOff@3x.png */; };
		A7897B9E1DAA37BC005C86BD /* profileLockOn@2x.png in Resources */ = {isa = PBXBuildFile; fileRef = A7897B9A1DAA37BC005C86BD /* profileLockOn@2x.png */; };
		A7897B9F1DAA37BC005C86BD /* profileLockOn@3x.png in Resources */ = {isa = PBXBuildFile; fileRef = A7897B9B1DAA37BC005C86BD /* profileLockOn@3x.png */; };
		A7897BA21DAA38BC005C86BD /* ViewController2.m in Sources */ = {isa = PBXBuildFile; fileRef = A7897BA11DAA38BC005C86BD /* ViewController2.m */; };
		A7897BA51DAA3945005C86BD /* ViewController3.m in Sources */ = {isa = PBXBuildFile; fileRef = A7897BA41DAA3945005C86BD /* ViewController3.m */; };
/* End PBXBuildFile section */

/* Begin PBXContainerItemProxy section */
		A759B4C41DAA072C00DD7584 /* PBXContainerItemProxy */ = {
			isa = PBXContainerItemProxy;
			containerPortal = A759B4A21DAA072C00DD7584 /* Project object */;
			proxyType = 1;
			remoteGlobalIDString = A759B4A91DAA072C00DD7584;
			remoteInfo = LJUserCenter;
		};
		A759B4CF1DAA072C00DD7584 /* PBXContainerItemProxy */ = {
			isa = PBXContainerItemProxy;
			containerPortal = A759B4A21DAA072C00DD7584 /* Project object */;
			proxyType = 1;
			remoteGlobalIDString = A759B4A91DAA072C00DD7584;
			remoteInfo = LJUserCenter;
		};
/* End PBXContainerItemProxy section */

/* Begin PBXFileReference section */
		06D6D1EFA37CBE9C0746D27C /* libPods-LJUserCenter.a */ = {isa = PBXFileReference; explicitFileType = archive.ar; includeInIndex = 0; path = "libPods-LJUserCenter.a"; sourceTree = BUILT_PRODUCTS_DIR; };
		2E1AAB27FF79ABC9E2B00511 /* Pods-LJUserCenter.debug.xcconfig */ = {isa = PBXFileReference; includeInIndex = 1; lastKnownFileType = text.xcconfig; name = "Pods-LJUserCenter.debug.xcconfig"; path = "Pods/Target Support Files/Pods-LJUserCenter/Pods-LJUserCenter.debug.xcconfig"; sourceTree = "<group>"; };
		A759B4AA1DAA072C00DD7584 /* LJUserCenter.app */ = {isa = PBXFileReference; explicitFileType = wrapper.application; includeInIndex = 0; path = LJUserCenter.app; sourceTree = BUILT_PRODUCTS_DIR; };
		A759B4AE1DAA072C00DD7584 /* main.m */ = {isa = PBXFileReference; lastKnownFileType = sourcecode.c.objc; path = main.m; sourceTree = "<group>"; };
		A759B4B01DAA072C00DD7584 /* AppDelegate.h */ = {isa = PBXFileReference; lastKnownFileType = sourcecode.c.h; path = AppDelegate.h; sourceTree = "<group>"; };
		A759B4B11DAA072C00DD7584 /* AppDelegate.m */ = {isa = PBXFileReference; lastKnownFileType = sourcecode.c.objc; path = AppDelegate.m; sourceTree = "<group>"; };
		A759B4B71DAA072C00DD7584 /* Base */ = {isa = PBXFileReference; lastKnownFileType = file.storyboard; name = Base; path = Base.lproj/Main.storyboard; sourceTree = "<group>"; };
		A759B4B91DAA072C00DD7584 /* Assets.xcassets */ = {isa = PBXFileReference; lastKnownFileType = folder.assetcatalog; path = Assets.xcassets; sourceTree = "<group>"; };
		A759B4BC1DAA072C00DD7584 /* Base */ = {isa = PBXFileReference; lastKnownFileType = file.storyboard; name = Base; path = Base.lproj/LaunchScreen.storyboard; sourceTree = "<group>"; };
		A759B4BE1DAA072C00DD7584 /* Info.plist */ = {isa = PBXFileReference; lastKnownFileType = text.plist.xml; path = Info.plist; sourceTree = "<group>"; };
		A759B4C31DAA072C00DD7584 /* LJUserCenterTests.xctest */ = {isa = PBXFileReference; explicitFileType = wrapper.cfbundle; includeInIndex = 0; path = LJUserCenterTests.xctest; sourceTree = BUILT_PRODUCTS_DIR; };
		A759B4C71DAA072C00DD7584 /* LJUserCenterTests.m */ = {isa = PBXFileReference; lastKnownFileType = sourcecode.c.objc; path = LJUserCenterTests.m; sourceTree = "<group>"; };
		A759B4C91DAA072C00DD7584 /* Info.plist */ = {isa = PBXFileReference; lastKnownFileType = text.plist.xml; path = Info.plist; sourceTree = "<group>"; };
		A759B4CE1DAA072C00DD7584 /* LJUserCenterUITests.xctest */ = {isa = PBXFileReference; explicitFileType = wrapper.cfbundle; includeInIndex = 0; path = LJUserCenterUITests.xctest; sourceTree = BUILT_PRODUCTS_DIR; };
		A759B4D21DAA072C00DD7584 /* LJUserCenterUITests.m */ = {isa = PBXFileReference; lastKnownFileType = sourcecode.c.objc; path = LJUserCenterUITests.m; sourceTree = "<group>"; };
		A759B4D41DAA072C00DD7584 /* Info.plist */ = {isa = PBXFileReference; lastKnownFileType = text.plist.xml; path = Info.plist; sourceTree = "<group>"; };
		A7897B7F1DAA1D37005C86BD /* LJUserCenterCellModel.h */ = {isa = PBXFileReference; fileEncoding = 4; lastKnownFileType = sourcecode.c.h; path = LJUserCenterCellModel.h; sourceTree = "<group>"; };
		A7897B801DAA1D37005C86BD /* LJUserCenterCellModel.m */ = {isa = PBXFileReference; fileEncoding = 4; lastKnownFileType = sourcecode.c.objc; path = LJUserCenterCellModel.m; sourceTree = "<group>"; };
		A7897B821DAA1F7D005C86BD /* LJUserCenterTableViewCell.h */ = {isa = PBXFileReference; fileEncoding = 4; lastKnownFileType = sourcecode.c.h; path = LJUserCenterTableViewCell.h; sourceTree = "<group>"; };
		A7897B831DAA1F7D005C86BD /* LJUserCenterTableViewCell.m */ = {isa = PBXFileReference; fileEncoding = 4; lastKnownFileType = sourcecode.c.objc; path = LJUserCenterTableViewCell.m; sourceTree = "<group>"; };
		A7897B851DAA2BBF005C86BD /* LJUserCenterRootViewController.h */ = {isa = PBXFileReference; fileEncoding = 4; lastKnownFileType = sourcecode.c.h; path = LJUserCenterRootViewController.h; sourceTree = "<group>"; };
		A7897B861DAA2BBF005C86BD /* LJUserCenterRootViewController.m */ = {isa = PBXFileReference; fileEncoding = 4; lastKnownFileType = sourcecode.c.objc; path = LJUserCenterRootViewController.m; sourceTree = "<group>"; };
		A7897B881DAA2D0C005C86BD /* LJUserCenterViewController.h */ = {isa = PBXFileReference; fileEncoding = 4; lastKnownFileType = sourcecode.c.h; path = LJUserCenterViewController.h; sourceTree = "<group>"; };
		A7897B891DAA2D0D005C86BD /* LJUserCenterViewController.m */ = {isa = PBXFileReference; fileEncoding = 4; lastKnownFileType = sourcecode.c.objc; path = LJUserCenterViewController.m; sourceTree = "<group>"; };
		A7897B8C1DAA30BB005C86BD /* ViewController.h */ = {isa = PBXFileReference; fileEncoding = 4; lastKnownFileType = sourcecode.c.h; path = ViewController.h; sourceTree = "<group>"; };
		A7897B8D1DAA30BB005C86BD /* ViewController.m */ = {isa = PBXFileReference; fileEncoding = 4; lastKnownFileType = sourcecode.c.objc; path = ViewController.m; sourceTree = "<group>"; };
		A7897B951DAA360A005C86BD /* ViewController1.h */ = {isa = PBXFileReference; fileEncoding = 4; lastKnownFileType = sourcecode.c.h; path = ViewController1.h; sourceTree = "<group>"; };
		A7897B961DAA360A005C86BD /* ViewController1.m */ = {isa = PBXFileReference; fileEncoding = 4; lastKnownFileType = sourcecode.c.objc; path = ViewController1.m; sourceTree = "<group>"; };
		A7897B981DAA37BC005C86BD /* profileLockOff@2x.png */ = {isa = PBXFileReference; lastKnownFileType = image.png; path = "profileLockOff@2x.png"; sourceTree = "<group>"; };
		A7897B991DAA37BC005C86BD /* profileLockOff@3x.png */ = {isa = PBXFileReference; lastKnownFileType = image.png; path = "profileLockOff@3x.png"; sourceTree = "<group>"; };
		A7897B9A1DAA37BC005C86BD /* profileLockOn@2x.png */ = {isa = PBXFileReference; lastKnownFileType = image.png; path = "profileLockOn@2x.png"; sourceTree = "<group>"; };
		A7897B9B1DAA37BC005C86BD /* profileLockOn@3x.png */ = {isa = PBXFileReference; lastKnownFileType = image.png; path = "profileLockOn@3x.png"; sourceTree = "<group>"; };
		A7897BA01DAA38BC005C86BD /* ViewController2.h */ = {isa = PBXFileReference; fileEncoding = 4; lastKnownFileType = sourcecode.c.h; path = ViewController2.h; sourceTree = "<group>"; };
		A7897BA11DAA38BC005C86BD /* ViewController2.m */ = {isa = PBXFileReference; fileEncoding = 4; lastKnownFileType = sourcecode.c.objc; path = ViewController2.m; sourceTree = "<group>"; };
		A7897BA31DAA3945005C86BD /* ViewController3.h */ = {isa = PBXFileReference; fileEncoding = 4; lastKnownFileType = sourcecode.c.h; path = ViewController3.h; sourceTree = "<group>"; };
		A7897BA41DAA3945005C86BD /* ViewController3.m */ = {isa = PBXFileReference; fileEncoding = 4; lastKnownFileType = sourcecode.c.objc; path = ViewController3.m; sourceTree = "<group>"; };
		E72DAC090B5B943EED9BF654 /* Pods-LJUserCenter.release.xcconfig */ = {isa = PBXFileReference; includeInIndex = 1; lastKnownFileType = text.xcconfig; name = "Pods-LJUserCenter.release.xcconfig"; path = "Pods/Target Support Files/Pods-LJUserCenter/Pods-LJUserCenter.release.xcconfig"; sourceTree = "<group>"; };
/* End PBXFileReference section */

/* Begin PBXFrameworksBuildPhase section */
		A759B4A71DAA072C00DD7584 /* Frameworks */ = {
			isa = PBXFrameworksBuildPhase;
			buildActionMask = 2147483647;
			files = (
				090D47765DAE83DB75842F51 /* libPods-LJUserCenter.a in Frameworks */,
			);
			runOnlyForDeploymentPostprocessing = 0;
		};
		A759B4C01DAA072C00DD7584 /* Frameworks */ = {
			isa = PBXFrameworksBuildPhase;
			buildActionMask = 2147483647;
			files = (
			);
			runOnlyForDeploymentPostprocessing = 0;
		};
		A759B4CB1DAA072C00DD7584 /* Frameworks */ = {
			isa = PBXFrameworksBuildPhase;
			buildActionMask = 2147483647;
			files = (
			);
			runOnlyForDeploymentPostprocessing = 0;
		};
/* End PBXFrameworksBuildPhase section */

/* Begin PBXGroup section */
		51C0F549A3C212C8A77342FF /* Pods */ = {
			isa = PBXGroup;
			children = (
				2E1AAB27FF79ABC9E2B00511 /* Pods-LJUserCenter.debug.xcconfig */,
				E72DAC090B5B943EED9BF654 /* Pods-LJUserCenter.release.xcconfig */,
			);
			name = Pods;
			sourceTree = "<group>";
		};
		A759B4A11DAA072C00DD7584 = {
			isa = PBXGroup;
			children = (
				A759B4AC1DAA072C00DD7584 /* LJUserCenter */,
				A759B4C61DAA072C00DD7584 /* LJUserCenterTests */,
				A759B4D11DAA072C00DD7584 /* LJUserCenterUITests */,
				A759B4AB1DAA072C00DD7584 /* Products */,
				51C0F549A3C212C8A77342FF /* Pods */,
				E8A51498E071096AA15448AA /* Frameworks */,
			);
			sourceTree = "<group>";
		};
		A759B4AB1DAA072C00DD7584 /* Products */ = {
			isa = PBXGroup;
			children = (
				A759B4AA1DAA072C00DD7584 /* LJUserCenter.app */,
				A759B4C31DAA072C00DD7584 /* LJUserCenterTests.xctest */,
				A759B4CE1DAA072C00DD7584 /* LJUserCenterUITests.xctest */,
			);
			name = Products;
			sourceTree = "<group>";
		};
		A759B4AC1DAA072C00DD7584 /* LJUserCenter */ = {
			isa = PBXGroup;
			children = (
				A7897B7E1DAA1CCE005C86BD /* Classes */,
				A7897B8B1DAA308D005C86BD /* Demo */,
				A759B4B01DAA072C00DD7584 /* AppDelegate.h */,
				A759B4B11DAA072C00DD7584 /* AppDelegate.m */,
				A759B4B61DAA072C00DD7584 /* Main.storyboard */,
				A759B4B91DAA072C00DD7584 /* Assets.xcassets */,
				A759B4BB1DAA072C00DD7584 /* LaunchScreen.storyboard */,
				A759B4BE1DAA072C00DD7584 /* Info.plist */,
				A759B4AD1DAA072C00DD7584 /* Supporting Files */,
			);
			path = LJUserCenter;
			sourceTree = "<group>";
		};
		A759B4AD1DAA072C00DD7584 /* Supporting Files */ = {
			isa = PBXGroup;
			children = (
				A7897B981DAA37BC005C86BD /* profileLockOff@2x.png */,
				A7897B991DAA37BC005C86BD /* profileLockOff@3x.png */,
				A7897B9A1DAA37BC005C86BD /* profileLockOn@2x.png */,
				A7897B9B1DAA37BC005C86BD /* profileLockOn@3x.png */,
				A759B4AE1DAA072C00DD7584 /* main.m */,
			);
			name = "Supporting Files";
			sourceTree = "<group>";
		};
		A759B4C61DAA072C00DD7584 /* LJUserCenterTests */ = {
			isa = PBXGroup;
			children = (
				A759B4C71DAA072C00DD7584 /* LJUserCenterTests.m */,
				A759B4C91DAA072C00DD7584 /* Info.plist */,
			);
			path = LJUserCenterTests;
			sourceTree = "<group>";
		};
		A759B4D11DAA072C00DD7584 /* LJUserCenterUITests */ = {
			isa = PBXGroup;
			children = (
				A759B4D21DAA072C00DD7584 /* LJUserCenterUITests.m */,
				A759B4D41DAA072C00DD7584 /* Info.plist */,
			);
			path = LJUserCenterUITests;
			sourceTree = "<group>";
		};
		A7897B7E1DAA1CCE005C86BD /* Classes */ = {
			isa = PBXGroup;
			children = (
				A7897B7F1DAA1D37005C86BD /* LJUserCenterCellModel.h */,
				A7897B801DAA1D37005C86BD /* LJUserCenterCellModel.m */,
				A7897B821DAA1F7D005C86BD /* LJUserCenterTableViewCell.h */,
				A7897B831DAA1F7D005C86BD /* LJUserCenterTableViewCell.m */,
				A7897B851DAA2BBF005C86BD /* LJUserCenterRootViewController.h */,
				A7897B861DAA2BBF005C86BD /* LJUserCenterRootViewController.m */,
				A7897B881DAA2D0C005C86BD /* LJUserCenterViewController.h */,
				A7897B891DAA2D0D005C86BD /* LJUserCenterViewController.m */,
			);
			path = Classes;
			sourceTree = "<group>";
		};
		A7897B8B1DAA308D005C86BD /* Demo */ = {
			isa = PBXGroup;
			children = (
				A7897B8C1DAA30BB005C86BD /* ViewController.h */,
				A7897B8D1DAA30BB005C86BD /* ViewController.m */,
				A7897B951DAA360A005C86BD /* ViewController1.h */,
				A7897B961DAA360A005C86BD /* ViewController1.m */,
				A7897BA01DAA38BC005C86BD /* ViewController2.h */,
				A7897BA11DAA38BC005C86BD /* ViewController2.m */,
				A7897BA31DAA3945005C86BD /* ViewController3.h */,
				A7897BA41DAA3945005C86BD /* ViewController3.m */,
			);
			path = Demo;
			sourceTree = "<group>";
		};
		E8A51498E071096AA15448AA /* Frameworks */ = {
			isa = PBXGroup;
			children = (
				06D6D1EFA37CBE9C0746D27C /* libPods-LJUserCenter.a */,
			);
			name = Frameworks;
			sourceTree = "<group>";
		};
/* End PBXGroup section */

/* Begin PBXNativeTarget section */
		A759B4A91DAA072C00DD7584 /* LJUserCenter */ = {
			isa = PBXNativeTarget;
			buildConfigurationList = A759B4D71DAA072C00DD7584 /* Build configuration list for PBXNativeTarget "LJUserCenter" */;
			buildPhases = (
				E95D0A773AFDB80C485F9C6C /* [CP] Check Pods Manifest.lock */,
				A759B4A61DAA072C00DD7584 /* Sources */,
				A759B4A71DAA072C00DD7584 /* Frameworks */,
				A759B4A81DAA072C00DD7584 /* Resources */,
				A3C9D7EC1DF1B10F037BB3F6 /* [CP] Embed Pods Frameworks */,
				13AE625AD2D3E2ABF5363E43 /* [CP] Copy Pods Resources */,
			);
			buildRules = (
			);
			dependencies = (
			);
			name = LJUserCenter;
			productName = LJUserCenter;
			productReference = A759B4AA1DAA072C00DD7584 /* LJUserCenter.app */;
			productType = "com.apple.product-type.application";
		};
		A759B4C21DAA072C00DD7584 /* LJUserCenterTests */ = {
			isa = PBXNativeTarget;
			buildConfigurationList = A759B4DA1DAA072C00DD7584 /* Build configuration list for PBXNativeTarget "LJUserCenterTests" */;
			buildPhases = (
				A759B4BF1DAA072C00DD7584 /* Sources */,
				A759B4C01DAA072C00DD7584 /* Frameworks */,
				A759B4C11DAA072C00DD7584 /* Resources */,
			);
			buildRules = (
			);
			dependencies = (
				A759B4C51DAA072C00DD7584 /* PBXTargetDependency */,
			);
			name = LJUserCenterTests;
			productName = LJUserCenterTests;
			productReference = A759B4C31DAA072C00DD7584 /* LJUserCenterTests.xctest */;
			productType = "com.apple.product-type.bundle.unit-test";
		};
		A759B4CD1DAA072C00DD7584 /* LJUserCenterUITests */ = {
			isa = PBXNativeTarget;
			buildConfigurationList = A759B4DD1DAA072C00DD7584 /* Build configuration list for PBXNativeTarget "LJUserCenterUITests" */;
			buildPhases = (
				A759B4CA1DAA072C00DD7584 /* Sources */,
				A759B4CB1DAA072C00DD7584 /* Frameworks */,
				A759B4CC1DAA072C00DD7584 /* Resources */,
			);
			buildRules = (
			);
			dependencies = (
				A759B4D01DAA072C00DD7584 /* PBXTargetDependency */,
			);
			name = LJUserCenterUITests;
			productName = LJUserCenterUITests;
			productReference = A759B4CE1DAA072C00DD7584 /* LJUserCenterUITests.xctest */;
			productType = "com.apple.product-type.bundle.ui-testing";
		};
/* End PBXNativeTarget section */

/* Begin PBXProject section */
		A759B4A21DAA072C00DD7584 /* Project object */ = {
			isa = PBXProject;
			attributes = {
				LastUpgradeCheck = 0800;
				ORGANIZATIONNAME = liangju;
				TargetAttributes = {
					A759B4A91DAA072C00DD7584 = {
						CreatedOnToolsVersion = 8.0;
						DevelopmentTeam = HNCRT74WMW;
						ProvisioningStyle = Automatic;
					};
					A759B4C21DAA072C00DD7584 = {
						CreatedOnToolsVersion = 8.0;
						DevelopmentTeam = HNCRT74WMW;
						ProvisioningStyle = Automatic;
						TestTargetID = A759B4A91DAA072C00DD7584;
					};
					A759B4CD1DAA072C00DD7584 = {
						CreatedOnToolsVersion = 8.0;
						DevelopmentTeam = HNCRT74WMW;
						ProvisioningStyle = Automatic;
						TestTargetID = A759B4A91DAA072C00DD7584;
					};
				};
			};
			buildConfigurationList = A759B4A51DAA072C00DD7584 /* Build configuration list for PBXProject "LJUserCenter" */;
			compatibilityVersion = "Xcode 3.2";
			developmentRegion = English;
			hasScannedForEncodings = 0;
			knownRegions = (
				en,
				Base,
			);
			mainGroup = A759B4A11DAA072C00DD7584;
			productRefGroup = A759B4AB1DAA072C00DD7584 /* Products */;
			projectDirPath = "";
			projectRoot = "";
			targets = (
				A759B4A91DAA072C00DD7584 /* LJUserCenter */,
				A759B4C21DAA072C00DD7584 /* LJUserCenterTests */,
				A759B4CD1DAA072C00DD7584 /* LJUserCenterUITests */,
			);
		};
/* End PBXProject section */

/* Begin PBXResourcesBuildPhase section */
		A759B4A81DAA072C00DD7584 /* Resources */ = {
			isa = PBXResourcesBuildPhase;
			buildActionMask = 2147483647;
			files = (
				A7897B9F1DAA37BC005C86BD /* profileLockOn@3x.png in Resources */,
				A759B4BD1DAA072C00DD7584 /* LaunchScreen.storyboard in Resources */,
				A759B4BA1DAA072C00DD7584 /* Assets.xcassets in Resources */,
				A759B4B81DAA072C00DD7584 /* Main.storyboard in Resources */,
				A7897B9D1DAA37BC005C86BD /* profileLockOff@3x.png in Resources */,
				A7897B9E1DAA37BC005C86BD /* profileLockOn@2x.png in Resources */,
				A7897B9C1DAA37BC005C86BD /* profileLockOff@2x.png in Resources */,
			);
			runOnlyForDeploymentPostprocessing = 0;
		};
		A759B4C11DAA072C00DD7584 /* Resources */ = {
			isa = PBXResourcesBuildPhase;
			buildActionMask = 2147483647;
			files = (
			);
			runOnlyForDeploymentPostprocessing = 0;
		};
		A759B4CC1DAA072C00DD7584 /* Resources */ = {
			isa = PBXResourcesBuildPhase;
			buildActionMask = 2147483647;
			files = (
			);
			runOnlyForDeploymentPostprocessing = 0;
		};
/* End PBXResourcesBuildPhase section */

/* Begin PBXShellScriptBuildPhase section */
		13AE625AD2D3E2ABF5363E43 /* [CP] Copy Pods Resources */ = {
			isa = PBXShellScriptBuildPhase;
			buildActionMask = 2147483647;
			files = (
			);
			inputPaths = (
			);
			name = "[CP] Copy Pods Resources";
			outputPaths = (
			);
			runOnlyForDeploymentPostprocessing = 0;
			shellPath = /bin/sh;
			shellScript = "\"${SRCROOT}/Pods/Target Support Files/Pods-LJUserCenter/Pods-LJUserCenter-resources.sh\"\n";
			showEnvVarsInLog = 0;
		};
		A3C9D7EC1DF1B10F037BB3F6 /* [CP] Embed Pods Frameworks */ = {
			isa = PBXShellScriptBuildPhase;
			buildActionMask = 2147483647;
			files = (
			);
			inputPaths = (
			);
			name = "[CP] Embed Pods Frameworks";
			outputPaths = (
			);
			runOnlyForDeploymentPostprocessing = 0;
			shellPath = /bin/sh;
			shellScript = "\"${SRCROOT}/Pods/Target Support Files/Pods-LJUserCenter/Pods-LJUserCenter-frameworks.sh\"\n";
			showEnvVarsInLog = 0;
		};
		E95D0A773AFDB80C485F9C6C /* [CP] Check Pods Manifest.lock */ = {
			isa = PBXShellScriptBuildPhase;
			buildActionMask = 2147483647;
			files = (
			);
			inputPaths = (
			);
			name = "[CP] Check Pods Manifest.lock";
			outputPaths = (
			);
			runOnlyForDeploymentPostprocessing = 0;
			shellPath = /bin/sh;
			shellScript = "diff \"${PODS_ROOT}/../Podfile.lock\" \"${PODS_ROOT}/Manifest.lock\" > /dev/null\nif [[ $? != 0 ]] ; then\n    cat << EOM\nerror: The sandbox is not in sync with the Podfile.lock. Run 'pod install' or update your CocoaPods installation.\nEOM\n    exit 1\nfi\n";
			showEnvVarsInLog = 0;
		};
/* End PBXShellScriptBuildPhase section */

/* Begin PBXSourcesBuildPhase section */
		A759B4A61DAA072C00DD7584 /* Sources */ = {
			isa = PBXSourcesBuildPhase;
			buildActionMask = 2147483647;
			files = (
				A7897B841DAA1F7D005C86BD /* LJUserCenterTableViewCell.m in Sources */,
				A7897B8E1DAA30BB005C86BD /* ViewController.m in Sources */,
				A7897B811DAA1D37005C86BD /* LJUserCenterCellModel.m in Sources */,
				A759B4B21DAA072C00DD7584 /* AppDelegate.m in Sources */,
				A7897BA51DAA3945005C86BD /* ViewController3.m in Sources */,
				A7897B8A1DAA2D0D005C86BD /* LJUserCenterViewController.m in Sources */,
				A7897BA21DAA38BC005C86BD /* ViewController2.m in Sources */,
				A7897B871DAA2BBF005C86BD /* LJUserCenterRootViewController.m in Sources */,
				A759B4AF1DAA072C00DD7584 /* main.m in Sources */,
				A7897B971DAA360A005C86BD /* ViewController1.m in Sources */,
			);
			runOnlyForDeploymentPostprocessing = 0;
		};
		A759B4BF1DAA072C00DD7584 /* Sources */ = {
			isa = PBXSourcesBuildPhase;
			buildActionMask = 2147483647;
			files = (
				A759B4C81DAA072C00DD7584 /* LJUserCenterTests.m in Sources */,
			);
			runOnlyForDeploymentPostprocessing = 0;
		};
		A759B4CA1DAA072C00DD7584 /* Sources */ = {
			isa = PBXSourcesBuildPhase;
			buildActionMask = 2147483647;
			files = (
				A759B4D31DAA072C00DD7584 /* LJUserCenterUITests.m in Sources */,
			);
			runOnlyForDeploymentPostprocessing = 0;
		};
/* End PBXSourcesBuildPhase section */

/* Begin PBXTargetDependency section */
		A759B4C51DAA072C00DD7584 /* PBXTargetDependency */ = {
			isa = PBXTargetDependency;
			target = A759B4A91DAA072C00DD7584 /* LJUserCenter */;
			targetProxy = A759B4C41DAA072C00DD7584 /* PBXContainerItemProxy */;
		};
		A759B4D01DAA072C00DD7584 /* PBXTargetDependency */ = {
			isa = PBXTargetDependency;
			target = A759B4A91DAA072C00DD7584 /* LJUserCenter */;
			targetProxy = A759B4CF1DAA072C00DD7584 /* PBXContainerItemProxy */;
		};
/* End PBXTargetDependency section */

/* Begin PBXVariantGroup section */
		A759B4B61DAA072C00DD7584 /* Main.storyboard */ = {
			isa = PBXVariantGroup;
			children = (
				A759B4B71DAA072C00DD7584 /* Base */,
			);
			name = Main.storyboard;
			sourceTree = "<group>";
		};
		A759B4BB1DAA072C00DD7584 /* LaunchScreen.storyboard */ = {
			isa = PBXVariantGroup;
			children = (
				A759B4BC1DAA072C00DD7584 /* Base */,
			);
			name = LaunchScreen.storyboard;
			sourceTree = "<group>";
		};
/* End PBXVariantGroup section */

/* Begin XCBuildConfiguration section */
		A759B4D51DAA072C00DD7584 /* Debug */ = {
			isa = XCBuildConfiguration;
			buildSettings = {
				ALWAYS_SEARCH_USER_PATHS = NO;
				CLANG_ANALYZER_NONNULL = YES;
				CLANG_CXX_LANGUAGE_STANDARD = "gnu++0x";
				CLANG_CXX_LIBRARY = "libc++";
				CLANG_ENABLE_MODULES = YES;
				CLANG_ENABLE_OBJC_ARC = YES;
				CLANG_WARN_BOOL_CONVERSION = YES;
				CLANG_WARN_CONSTANT_CONVERSION = YES;
				CLANG_WARN_DIRECT_OBJC_ISA_USAGE = YES_ERROR;
				CLANG_WARN_DOCUMENTATION_COMMENTS = YES;
				CLANG_WARN_EMPTY_BODY = YES;
				CLANG_WARN_ENUM_CONVERSION = YES;
				CLANG_WARN_INFINITE_RECURSION = YES;
				CLANG_WARN_INT_CONVERSION = YES;
				CLANG_WARN_OBJC_ROOT_CLASS = YES_ERROR;
				CLANG_WARN_SUSPICIOUS_MOVES = YES;
				CLANG_WARN_UNREACHABLE_CODE = YES;
				CLANG_WARN__DUPLICATE_METHOD_MATCH = YES;
				"CODE_SIGN_IDENTITY[sdk=iphoneos*]" = "iPhone Developer";
				COPY_PHASE_STRIP = NO;
				DEBUG_INFORMATION_FORMAT = dwarf;
				ENABLE_STRICT_OBJC_MSGSEND = YES;
				ENABLE_TESTABILITY = YES;
				GCC_C_LANGUAGE_STANDARD = gnu99;
				GCC_DYNAMIC_NO_PIC = NO;
				GCC_NO_COMMON_BLOCKS = YES;
				GCC_OPTIMIZATION_LEVEL = 0;
				GCC_PREPROCESSOR_DEFINITIONS = (
					"DEBUG=1",
					"$(inherited)",
				);
				GCC_WARN_64_TO_32_BIT_CONVERSION = YES;
				GCC_WARN_ABOUT_RETURN_TYPE = YES_ERROR;
				GCC_WARN_UNDECLARED_SELECTOR = YES;
				GCC_WARN_UNINITIALIZED_AUTOS = YES_AGGRESSIVE;
				GCC_WARN_UNUSED_FUNCTION = YES;
				GCC_WARN_UNUSED_VARIABLE = YES;
				IPHONEOS_DEPLOYMENT_TARGET = 10.0;
				MTL_ENABLE_DEBUG_INFO = YES;
				ONLY_ACTIVE_ARCH = YES;
				SDKROOT = iphoneos;
				TARGETED_DEVICE_FAMILY = "1,2";
			};
			name = Debug;
		};
		A759B4D61DAA072C00DD7584 /* Release */ = {
			isa = XCBuildConfiguration;
			buildSettings = {
				ALWAYS_SEARCH_USER_PATHS = NO;
				CLANG_ANALYZER_NONNULL = YES;
				CLANG_CXX_LANGUAGE_STANDARD = "gnu++0x";
				CLANG_CXX_LIBRARY = "libc++";
				CLANG_ENABLE_MODULES = YES;
				CLANG_ENABLE_OBJC_ARC = YES;
				CLANG_WARN_BOOL_CONVERSION = YES;
				CLANG_WARN_CONSTANT_CONVERSION = YES;
				CLANG_WARN_DIRECT_OBJC_ISA_USAGE = YES_ERROR;
				CLANG_WARN_DOCUMENTATION_COMMENTS = YES;
				CLANG_WARN_EMPTY_BODY = YES;
				CLANG_WARN_ENUM_CONVERSION = YES;
				CLANG_WARN_INFINITE_RECURSION = YES;
				CLANG_WARN_INT_CONVERSION = YES;
				CLANG_WARN_OBJC_ROOT_CLASS = YES_ERROR;
				CLANG_WARN_SUSPICIOUS_MOVES = YES;
				CLANG_WARN_UNREACHABLE_CODE = YES;
				CLANG_WARN__DUPLICATE_METHOD_MATCH = YES;
				"CODE_SIGN_IDENTITY[sdk=iphoneos*]" = "iPhone Developer";
				COPY_PHASE_STRIP = NO;
				DEBUG_INFORMATION_FORMAT = "dwarf-with-dsym";
				ENABLE_NS_ASSERTIONS = NO;
				ENABLE_STRICT_OBJC_MSGSEND = YES;
				GCC_C_LANGUAGE_STANDARD = gnu99;
				GCC_NO_COMMON_BLOCKS = YES;
				GCC_WARN_64_TO_32_BIT_CONVERSION = YES;
				GCC_WARN_ABOUT_RETURN_TYPE = YES_ERROR;
				GCC_WARN_UNDECLARED_SELECTOR = YES;
				GCC_WARN_UNINITIALIZED_AUTOS = YES_AGGRESSIVE;
				GCC_WARN_UNUSED_FUNCTION = YES;
				GCC_WARN_UNUSED_VARIABLE = YES;
				IPHONEOS_DEPLOYMENT_TARGET = 10.0;
				MTL_ENABLE_DEBUG_INFO = NO;
				SDKROOT = iphoneos;
				TARGETED_DEVICE_FAMILY = "1,2";
				VALIDATE_PRODUCT = YES;
			};
			name = Release;
		};
		A759B4D81DAA072C00DD7584 /* Debug */ = {
			isa = XCBuildConfiguration;
			baseConfigurationReference = 2E1AAB27FF79ABC9E2B00511 /* Pods-LJUserCenter.debug.xcconfig */;
			buildSettings = {
				ASSETCATALOG_COMPILER_APPICON_NAME = AppIcon;
				DEVELOPMENT_TEAM = HNCRT74WMW;
				INFOPLIST_FILE = LJUserCenter/Info.plist;
				LD_RUNPATH_SEARCH_PATHS = "$(inherited) @executable_path/Frameworks";
				PRODUCT_BUNDLE_IDENTIFIER = "----------.LJUserCenter";
				PRODUCT_NAME = "$(TARGET_NAME)";
			};
			name = Debug;
		};
		A759B4D91DAA072C00DD7584 /* Release */ = {
			isa = XCBuildConfiguration;
			baseConfigurationReference = E72DAC090B5B943EED9BF654 /* Pods-LJUserCenter.release.xcconfig */;
			buildSettings = {
				ASSETCATALOG_COMPILER_APPICON_NAME = AppIcon;
				DEVELOPMENT_TEAM = HNCRT74WMW;
				INFOPLIST_FILE = LJUserCenter/Info.plist;
				LD_RUNPATH_SEARCH_PATHS = "$(inherited) @executable_path/Frameworks";
				PRODUCT_BUNDLE_IDENTIFIER = "----------.LJUserCenter";
				PRODUCT_NAME = "$(TARGET_NAME)";
			};
			name = Release;
		};
		A759B4DB1DAA072C00DD7584 /* Debug */ = {
			isa = XCBuildConfiguration;
			buildSettings = {
				BUNDLE_LOADER = "$(TEST_HOST)";
				DEVELOPMENT_TEAM = HNCRT74WMW;
				INFOPLIST_FILE = LJUserCenterTests/Info.plist;
				LD_RUNPATH_SEARCH_PATHS = "$(inherited) @executable_path/Frameworks @loader_path/Frameworks";
				PRODUCT_BUNDLE_IDENTIFIER = "----------.LJUserCenterTests";
				PRODUCT_NAME = "$(TARGET_NAME)";
				TEST_HOST = "$(BUILT_PRODUCTS_DIR)/LJUserCenter.app/LJUserCenter";
			};
			name = Debug;
		};
		A759B4DC1DAA072C00DD7584 /* Release */ = {
			isa = XCBuildConfiguration;
			buildSettings = {
				BUNDLE_LOADER = "$(TEST_HOST)";
				DEVELOPMENT_TEAM = HNCRT74WMW;
				INFOPLIST_FILE = LJUserCenterTests/Info.plist;
				LD_RUNPATH_SEARCH_PATHS = "$(inherited) @executable_path/Frameworks @loader_path/Frameworks";
				PRODUCT_BUNDLE_IDENTIFIER = "----------.LJUserCenterTests";
				PRODUCT_NAME = "$(TARGET_NAME)";
				TEST_HOST = "$(BUILT_PRODUCTS_DIR)/LJUserCenter.app/LJUserCenter";
			};
			name = Release;
		};
		A759B4DE1DAA072C00DD7584 /* Debug */ = {
			isa = XCBuildConfiguration;
			buildSettings = {
				DEVELOPMENT_TEAM = HNCRT74WMW;
				INFOPLIST_FILE = LJUserCenterUITests/Info.plist;
				LD_RUNPATH_SEARCH_PATHS = "$(inherited) @executable_path/Frameworks @loader_path/Frameworks";
				PRODUCT_BUNDLE_IDENTIFIER = "----------.LJUserCenterUITests";
				PRODUCT_NAME = "$(TARGET_NAME)";
				TEST_TARGET_NAME = LJUserCenter;
			};
			name = Debug;
		};
		A759B4DF1DAA072C00DD7584 /* Release */ = {
			isa = XCBuildConfiguration;
			buildSettings = {
				DEVELOPMENT_TEAM = HNCRT74WMW;
				INFOPLIST_FILE = LJUserCenterUITests/Info.plist;
				LD_RUNPATH_SEARCH_PATHS = "$(inherited) @executable_path/Frameworks @loader_path/Frameworks";
				PRODUCT_BUNDLE_IDENTIFIER = "----------.LJUserCenterUITests";
				PRODUCT_NAME = "$(TARGET_NAME)";
				TEST_TARGET_NAME = LJUserCenter;
			};
			name = Release;
		};
/* End XCBuildConfiguration section */

/* Begin XCConfigurationList section */
		A759B4A51DAA072C00DD7584 /* Build configuration list for PBXProject "LJUserCenter" */ = {
			isa = XCConfigurationList;
			buildConfigurations = (
				A759B4D51DAA072C00DD7584 /* Debug */,
				A759B4D61DAA072C00DD7584 /* Release */,
			);
			defaultConfigurationIsVisible = 0;
			defaultConfigurationName = Release;
		};
		A759B4D71DAA072C00DD7584 /* Build configuration list for PBXNativeTarget "LJUserCenter" */ = {
			isa = XCConfigurationList;
			buildConfigurations = (
				A759B4D81DAA072C00DD7584 /* Debug */,
				A759B4D91DAA072C00DD7584 /* Release */,
			);
			defaultConfigurationIsVisible = 0;
			defaultConfigurationName = Release;
		};
		A759B4DA1DAA072C00DD7584 /* Build configuration list for PBXNativeTarget "LJUserCenterTests" */ = {
			isa = XCConfigurationList;
			buildConfigurations = (
				A759B4DB1DAA072C00DD7584 /* Debug */,
				A759B4DC1DAA072C00DD7584 /* Release */,
			);
			defaultConfigurationIsVisible = 0;
			defaultConfigurationName = Release;
		};
		A759B4DD1DAA072C00DD7584 /* Build configuration list for PBXNativeTarget "LJUserCenterUITests" */ = {
			isa = XCConfigurationList;
			buildConfigurations = (
				A759B4DE1DAA072C00DD7584 /* Debug */,
				A759B4DF1DAA072C00DD7584 /* Release */,
			);
			defaultConfigurationIsVisible = 0;
			defaultConfigurationName = Release;
		};
/* End XCConfigurationList section */
	};
	rootObject = A759B4A21DAA072C00DD7584 /* Project object */;
}
