PODS:
  - LJUserCenter (1.0.0):
    - Masonry (~> 1.1.0)
  - Masonry (1.1.0)

DEPENDENCIES:
  - LJUserCenter (from `../`)

SPEC REPOS:
  https://github.com/cocoapods/specs.git:
    - Masonry

EXTERNAL SOURCES:
  LJUserCenter:
    :path: "../"

SPEC CHECKSUMS:
  LJUserCenter: 46931797c7be6d202cfc94e7035d510f8314200e
  Masonry: 678fab65091a9290e40e2832a55e7ab731aad201

PODFILE CHECKSUM: ce19da5d7f6dcb647eec426beb14fd279e244665

COCOAPODS: 1.5.3
